
Microsoft Visual Studio Solution File, Format Version 12.00
# Visual Studio Version 17
VisualStudioVersion = 17.2.32616.157
MinimumVisualStudioVersion = 10.0.40219.1
Project("{FAE04EC0-301F-11D3-BF4B-00C04F79EFBC}") = "SUVCServiceApp", "SUVCServiceApp\SUVCServiceApp.csproj", "{3C0DDDAF-120E-45EB-85DC-829C2C500916}"
EndProject
Global
	GlobalSection(SolutionConfigurationPlatforms) = preSolution
		Debug|Any CPU = Debug|Any CPU
		Release|Any CPU = Release|Any CPU
	EndGlobalSection
	GlobalSection(ProjectConfigurationPlatforms) = postSolution
		{3C0DDDAF-120E-45EB-85DC-829C2C500916}.Debug|Any CPU.ActiveCfg = Debug|Any CPU
		{3C0DDDAF-120E-45EB-85DC-829C2C500916}.Debug|Any CPU.Build.0 = Debug|Any CPU
		{3C0DDDAF-120E-45EB-85DC-829C2C500916}.Release|Any CPU.ActiveCfg = Release|Any CPU
		{3C0DDDAF-120E-45EB-85DC-829C2C500916}.Release|Any CPU.Build.0 = Release|Any CPU
	EndGlobalSection
	GlobalSection(SolutionProperties) = preSolution
		HideSolutionNode = FALSE
	EndGlobalSection
	GlobalSection(ExtensibilityGlobals) = postSolution
		SolutionGuid = {BC4BD568-CD77-4B96-8A20-E2CD07CCF81F}
	EndGlobalSection
EndGlobal
